
Microsoft Visual Studio Solution File, Format Version 12.00
# Visual Studio Version 17
VisualStudioVersion = 17.8.34316.72
MinimumVisualStudioVersion = 10.0.40219.1
Project("{2150E333-8FDC-42A3-9474-1A3956D46DE8}") = "Solutions Items", "Solutions Items", "{7789D6D9-0718-4BF7-9869-818CAF164427}"
	ProjectSection(SolutionItems) = preProject
		README.md = README.md
	EndProjectSection
EndProject
Project("{9A19103F-16F7-4668-BE54-9A1E7A4F7556}") = "build", "build\build.csproj", "{8A2E0482-77BE-402F-B63E-0FF4C51147E0}"
EndProject
Project("{9A19103F-16F7-4668-BE54-9A1E7A4F7556}") = "SpotSync", "src\SpotSync\SpotSync.csproj", "{E506DE06-A1EA-46DF-8EA6-1CD1832D93F8}"
EndProject
Project("{FAE04EC0-301F-11D3-BF4B-00C04F79EFBC}") = "SpotSync.Test", "src\SpotSync.Test\SpotSync.Test.csproj", "{E79D3CA7-2190-4E6B-A848-81D3AE750810}"
EndProject
Global
	GlobalSection(SolutionConfigurationPlatforms) = preSolution
		Debug|Any CPU = Debug|Any CPU
		Release|Any CPU = Release|Any CPU
	EndGlobalSection
	GlobalSection(ProjectConfigurationPlatforms) = postSolution
		{8A2E0482-77BE-402F-B63E-0FF4C51147E0}.Debug|Any CPU.ActiveCfg = Debug|Any CPU
		{8A2E0482-77BE-402F-B63E-0FF4C51147E0}.Release|Any CPU.ActiveCfg = Release|Any CPU
		{E506DE06-A1EA-46DF-8EA6-1CD1832D93F8}.Debug|Any CPU.ActiveCfg = Debug|Any CPU
		{E506DE06-A1EA-46DF-8EA6-1CD1832D93F8}.Debug|Any CPU.Build.0 = Debug|Any CPU
		{E506DE06-A1EA-46DF-8EA6-1CD1832D93F8}.Release|Any CPU.ActiveCfg = Release|Any CPU
		{E506DE06-A1EA-46DF-8EA6-1CD1832D93F8}.Release|Any CPU.Build.0 = Release|Any CPU
		{E79D3CA7-2190-4E6B-A848-81D3AE750810}.Debug|Any CPU.ActiveCfg = Debug|Any CPU
		{E79D3CA7-2190-4E6B-A848-81D3AE750810}.Debug|Any CPU.Build.0 = Debug|Any CPU
		{E79D3CA7-2190-4E6B-A848-81D3AE750810}.Release|Any CPU.ActiveCfg = Release|Any CPU
		{E79D3CA7-2190-4E6B-A848-81D3AE750810}.Release|Any CPU.Build.0 = Release|Any CPU
	EndGlobalSection
	GlobalSection(SolutionProperties) = preSolution
		HideSolutionNode = FALSE
	EndGlobalSection
	GlobalSection(ExtensibilityGlobals) = postSolution
		SolutionGuid = {D0C8CC2D-92A8-46CC-8D5B-F52BB8AAC10E}
	EndGlobalSection
EndGlobal
